
Microsoft Visual Studio Solution File, Format Version 12.00
# Visual Studio Version 17
VisualStudioVersion = 17.3.32804.467
MinimumVisualStudioVersion = 10.0.40219.1
Project("{9A19103F-16F7-4668-BE54-9A1E7A4F7556}") = "EFAssign2", "EFAssign2\EFAssign2.csproj", "{37B7EBAC-A1BB-4527-A524-D6D704F67C02}"
EndProject
Project("{FAE04EC0-301F-11D3-BF4B-00C04F79EFBC}") = "Core", "Core\Core.csproj", "{7335CB35-438A-4357-A6CF-3D6AC02711D6}"
EndProject
Project("{FAE04EC0-301F-11D3-BF4B-00C04F79EFBC}") = "Infrastructure", "Infrastructure\Infrastructure.csproj", "{9C5059D0-53E4-4BB7-924E-C87BDC865D57}"
EndProject
Global
	GlobalSection(SolutionConfigurationPlatforms) = preSolution
		Debug|Any CPU = Debug|Any CPU
		Release|Any CPU = Release|Any CPU
	EndGlobalSection
	GlobalSection(ProjectConfigurationPlatforms) = postSolution
		{37B7EBAC-A1BB-4527-A524-D6D704F67C02}.Debug|Any CPU.ActiveCfg = Debug|Any CPU
		{37B7EBAC-A1BB-4527-A524-D6D704F67C02}.Debug|Any CPU.Build.0 = Debug|Any CPU
		{37B7EBAC-A1BB-4527-A524-D6D704F67C02}.Release|Any CPU.ActiveCfg = Release|Any CPU
		{37B7EBAC-A1BB-4527-A524-D6D704F67C02}.Release|Any CPU.Build.0 = Release|Any CPU
		{7335CB35-438A-4357-A6CF-3D6AC02711D6}.Debug|Any CPU.ActiveCfg = Debug|Any CPU
		{7335CB35-438A-4357-A6CF-3D6AC02711D6}.Debug|Any CPU.Build.0 = Debug|Any CPU
		{7335CB35-438A-4357-A6CF-3D6AC02711D6}.Release|Any CPU.ActiveCfg = Release|Any CPU
		{7335CB35-438A-4357-A6CF-3D6AC02711D6}.Release|Any CPU.Build.0 = Release|Any CPU
		{9C5059D0-53E4-4BB7-924E-C87BDC865D57}.Debug|Any CPU.ActiveCfg = Debug|Any CPU
		{9C5059D0-53E4-4BB7-924E-C87BDC865D57}.Debug|Any CPU.Build.0 = Debug|Any CPU
		{9C5059D0-53E4-4BB7-924E-C87BDC865D57}.Release|Any CPU.ActiveCfg = Release|Any CPU
		{9C5059D0-53E4-4BB7-924E-C87BDC865D57}.Release|Any CPU.Build.0 = Release|Any CPU
	EndGlobalSection
	GlobalSection(SolutionProperties) = preSolution
		HideSolutionNode = FALSE
	EndGlobalSection
	GlobalSection(ExtensibilityGlobals) = postSolution
		SolutionGuid = {C14B813E-D878-4483-BCAE-10E818DCCCE1}
	EndGlobalSection
EndGlobal
